<?xml version="1.0" encoding="utf-8"?>
<Project ToolsVersion="4.0" xmlns="http://schemas.microsoft.com/developer/msbuild/2003">
  <ItemGroup>
    <Filter Include="inc">
      <UniqueIdentifier>{0c21422f-129f-48e1-b997-e4dcd92ac919}</UniqueIdentifier>
    </Filter>
    <Filter Include="src">
      <UniqueIdentifier>{902226b5-6146-4f1b-a059-1c57d4a1f829}</UniqueIdentifier>
    </Filter>
  </ItemGroup>
  <ItemGroup>
    <ClInclude Include="inc\utils.h">
      <Filter>inc</Filter>
    </ClInclude>
    <ClInclude Include="inc\app.h">
      <Filter>inc</Filter>
    </ClInclude>
    <ClInclude Include="inc\config.h">
      <Filter>inc</Filter>
    </ClInclude>
    <ClInclude Include="inc\console.h">
      <Filter>inc</Filter>
    </ClInclude>
    <ClInclude Include="framework.h">
      <Filter>inc</Filter>
    </ClInclude>
    <ClInclude Include="inc\hooks.h">
      <Filter>inc</Filter>
    </ClInclude>
    <ClInclude Include="inc\log.h">
      <Filter>inc</Filter>
    </ClInclude>
    <ClInclude Include="pch.h">
      <Filter>inc</Filter>
    </ClInclude>
    <ClInclude Include="inc\plugin.h">
      <Filter>inc</Filter>
    </ClInclude>
    <ClInclude Include="inc\server.h">
      <Filter>inc</Filter>
    </ClInclude>
  </ItemGroup>
  <ItemGroup>
    <ClCompile Include="src\utils.cpp">
      <Filter>src</Filter>
    </ClCompile>
    <ClCompile Include="src\app.cpp">
      <Filter>src</Filter>
    </ClCompile>
    <ClCompile Include="src\config.cpp">
      <Filter>src</Filter>
    </ClCompile>
    <ClCompile Include="src\console.cpp">
      <Filter>src</Filter>
    </ClCompile>
    <ClCompile Include="dllmain.cpp">
      <Filter>src</Filter>
    </ClCompile>
    <ClCompile Include="src\hooks.cpp">
      <Filter>src</Filter>
    </ClCompile>
    <ClCompile Include="src\log.cpp">
      <Filter>src</Filter>
    </ClCompile>
    <ClCompile Include="pch.cpp">
      <Filter>src</Filter>
    </ClCompile>
    <ClCompile Include="src\plugin.cpp">
      <Filter>src</Filter>
    </ClCompile>
    <ClCompile Include="src\server.cpp">
      <Filter>src</Filter>
    </ClCompile>
  </ItemGroup>
</Project>